
Microsoft Visual Studio Solution File, Format Version 12.00
# Visual Studio Version 16
VisualStudioVersion = 16.0.30621.155
MinimumVisualStudioVersion = 10.0.40219.1
Project("{FAE04EC0-301F-11D3-BF4B-00C04F79EFBC}") = "MinesweeperFinal", "MinesweeperFinal\MinesweeperFinal.csproj", "{6593DD7E-DB7D-4790-A983-A2FD0EF08AFB}"
EndProject
Project("{FAE04EC0-301F-11D3-BF4B-00C04F79EFBC}") = "Business", "Business\Business.csproj", "{8708273C-87D7-4004-8482-381EA6F210CC}"
EndProject
Global
	GlobalSection(SolutionConfigurationPlatforms) = preSolution
		Debug|Any CPU = Debug|Any CPU
		Release|Any CPU = Release|Any CPU
	EndGlobalSection
	GlobalSection(ProjectConfigurationPlatforms) = postSolution
		{6593DD7E-DB7D-4790-A983-A2FD0EF08AFB}.Debug|Any CPU.ActiveCfg = Debug|Any CPU
		{6593DD7E-DB7D-4790-A983-A2FD0EF08AFB}.Debug|Any CPU.Build.0 = Debug|Any CPU
		{6593DD7E-DB7D-4790-A983-A2FD0EF08AFB}.Release|Any CPU.ActiveCfg = Release|Any CPU
		{6593DD7E-DB7D-4790-A983-A2FD0EF08AFB}.Release|Any CPU.Build.0 = Release|Any CPU
		{8708273C-87D7-4004-8482-381EA6F210CC}.Debug|Any CPU.ActiveCfg = Debug|Any CPU
		{8708273C-87D7-4004-8482-381EA6F210CC}.Debug|Any CPU.Build.0 = Debug|Any CPU
		{8708273C-87D7-4004-8482-381EA6F210CC}.Release|Any CPU.ActiveCfg = Release|Any CPU
		{8708273C-87D7-4004-8482-381EA6F210CC}.Release|Any CPU.Build.0 = Release|Any CPU
	EndGlobalSection
	GlobalSection(SolutionProperties) = preSolution
		HideSolutionNode = FALSE
	EndGlobalSection
	GlobalSection(ExtensibilityGlobals) = postSolution
		SolutionGuid = {C55AE6E1-5148-4A37-9365-EC93898D8D54}
	EndGlobalSection
EndGlobal
